
Microsoft Visual Studio Solution File, Format Version 12.00
# Visual Studio Version 17
VisualStudioVersion = 17.7.34202.233
MinimumVisualStudioVersion = 10.0.40219.1
Project("{2150E333-8FDC-42A3-9474-1A3956D46DE8}") = "01 Kintamieji", "01 Kintamieji", "{0F7AD788-8548-4C6F-BA65-EDA2FDF36E6B}"
EndProject
Project("{FAE04EC0-301F-11D3-BF4B-00C04F79EFBC}") = "Kintamieji", "Kintamieji\Kintamieji.csproj", "{A26CFED6-34AA-4982-BAFD-379A641A45BA}"
EndProject
Project("{2150E333-8FDC-42A3-9474-1A3956D46DE8}") = "02 Isvedimas", "02 Isvedimas", "{41BC6AA2-4AB1-4263-AA1F-B7EB8E0AF7E6}"
EndProject
Project("{FAE04EC0-301F-11D3-BF4B-00C04F79EFBC}") = "Isvedimas", "Isvedimas\Isvedimas.csproj", "{C9265B65-83D2-47CF-99F9-F40997014842}"
EndProject
Project("{FAE04EC0-301F-11D3-BF4B-00C04F79EFBC}") = "uzduotis01", "uzduotis01\uzduotis01.csproj", "{0FAA5039-763F-4986-8C94-EB1ACEEC1229}"
EndProject
Project("{FAE04EC0-301F-11D3-BF4B-00C04F79EFBC}") = "uzduotis02", "uzduotis02\uzduotis02.csproj", "{79A5199A-41FB-404C-B4DC-BC96736956EF}"
EndProject
Project("{FAE04EC0-301F-11D3-BF4B-00C04F79EFBC}") = "uzduotis03", "uzduotis03\uzduotis03.csproj", "{BA194D81-1A8B-405C-97F0-925B0D61A01F}"
EndProject
Project("{FAE04EC0-301F-11D3-BF4B-00C04F79EFBC}") = "uzduotis04", "uzduotis04\uzduotis04.csproj", "{979402D7-F766-4591-922F-53EB95E1AC4A}"
EndProject
Project("{FAE04EC0-301F-11D3-BF4B-00C04F79EFBC}") = "uzduotis05", "uzduotis05\uzduotis05.csproj", "{C8D4B51B-DF90-4C7B-995D-76012CD61341}"
EndProject
Project("{FAE04EC0-301F-11D3-BF4B-00C04F79EFBC}") = "uzduotis06", "uzduotis06\uzduotis06.csproj", "{273A9B6F-4ADE-4491-830D-7CEDE150719E}"
EndProject
Project("{2150E333-8FDC-42A3-9474-1A3956D46DE8}") = "03 Ivedimas", "03 Ivedimas", "{489D9B57-D982-4701-9F9D-B5AEB57C8311}"
EndProject
Project("{FAE04EC0-301F-11D3-BF4B-00C04F79EFBC}") = "Uzduotis07", "Uzduotis07\Uzduotis07.csproj", "{EF6C0DCD-7645-4F9B-B169-BDAE7B358EED}"
EndProject
Project("{FAE04EC0-301F-11D3-BF4B-00C04F79EFBC}") = "Uzduotis08", "Uzduotis08\Uzduotis08.csproj", "{D4CC9744-CF64-4D05-A059-478534BA7D88}"
EndProject
Project("{2150E333-8FDC-42A3-9474-1A3956D46DE8}") = "04 Salyga If", "04 Salyga If", "{5723A3B0-90D0-43D1-B5A5-8C119CAD38A0}"
EndProject
Project("{FAE04EC0-301F-11D3-BF4B-00C04F79EFBC}") = "Uzduotis09", "Uzduotis09\Uzduotis09.csproj", "{1E26C460-FCA4-4C0B-B678-0589D4A36A7F}"
EndProject
Project("{FAE04EC0-301F-11D3-BF4B-00C04F79EFBC}") = "Uzduotis10", "Uzduotis10\Uzduotis10.csproj", "{2B6E14D1-A124-4F12-BE19-F14BF1CBCE77}"
EndProject
Project("{FAE04EC0-301F-11D3-BF4B-00C04F79EFBC}") = "Uzduotis11", "Uzduotis11\Uzduotis11.csproj", "{5575E016-2258-4F4B-826D-AD6F6EA055AD}"
EndProject
Project("{2150E333-8FDC-42A3-9474-1A3956D46DE8}") = "05 Masyvai", "05 Masyvai", "{FA9DAABD-4D39-4BAF-9339-D49856F9FB96}"
EndProject
Project("{FAE04EC0-301F-11D3-BF4B-00C04F79EFBC}") = "Uzduotis21", "Uzduotis21\Uzduotis21.csproj", "{6A8D5777-24DA-4F03-A09E-40375A470BD1}"
EndProject
Project("{FAE04EC0-301F-11D3-BF4B-00C04F79EFBC}") = "Uzduotis22", "Uzduotis22\Uzduotis22.csproj", "{D79354DB-E1CF-4793-B84F-0382B6EC79B5}"
EndProject
Project("{FAE04EC0-301F-11D3-BF4B-00C04F79EFBC}") = "Uzduotis23", "Uzduotis23\Uzduotis23.csproj", "{0C30A186-7393-4BCA-812B-380B44116709}"
EndProject
Project("{FAE04EC0-301F-11D3-BF4B-00C04F79EFBC}") = "Uzduotis24", "Uzduotis24\Uzduotis24.csproj", "{52EA5BCA-1B10-4453-AE8A-A159B7C35AE9}"
EndProject
Project("{FAE04EC0-301F-11D3-BF4B-00C04F79EFBC}") = "Uzduotis25", "Uzduotis25\Uzduotis25.csproj", "{88417302-F8A8-4499-867C-56D1D82EAF3E}"
EndProject
Project("{FAE04EC0-301F-11D3-BF4B-00C04F79EFBC}") = "Uzduotis26", "Uzduotis26\Uzduotis26.csproj", "{BB382ED8-B609-4CF6-B7F5-E6D48A1BA294}"
EndProject
Project("{2150E333-8FDC-42A3-9474-1A3956D46DE8}") = "06 Metodai", "06 Metodai", "{2C575E1D-99EF-47E4-B49E-1BBFFDC1E47B}"
EndProject
Project("{FAE04EC0-301F-11D3-BF4B-00C04F79EFBC}") = "Uzduotis29", "Uzduotis29\Uzduotis29.csproj", "{A5EDD80A-39A2-4ADF-910B-0ED3D694AC54}"
EndProject
Project("{FAE04EC0-301F-11D3-BF4B-00C04F79EFBC}") = "Uzduotis30", "Uzduotis30\Uzduotis30.csproj", "{5C734038-7B3F-41CA-981A-9FC082049F5D}"
EndProject
Project("{2150E333-8FDC-42A3-9474-1A3956D46DE8}") = "07 Klases", "07 Klases", "{3AE3B43E-6C0E-4AF4-9572-C6912DC1C053}"
EndProject
Project("{FAE04EC0-301F-11D3-BF4B-00C04F79EFBC}") = "Uzduotis36-37", "Uzduotis36-37\Uzduotis36-37.csproj", "{522F28E3-6485-4A4F-9616-B0B4A9DCCE13}"
EndProject
Project("{FAE04EC0-301F-11D3-BF4B-00C04F79EFBC}") = "Uzduotis38", "Uzduotis38\Uzduotis38.csproj", "{43F32F01-99CF-46EA-A6FC-DAA5BD6F152D}"
EndProject
Project("{FAE04EC0-301F-11D3-BF4B-00C04F79EFBC}") = "Uzduotis38.1", "Uzduotis38.1\Uzduotis38.1.csproj", "{2FDEF785-64CF-46C7-B0A6-56627504C112}"
EndProject
Project("{FAE04EC0-301F-11D3-BF4B-00C04F79EFBC}") = "Journal", "Journal\Journal.csproj", "{BEF9A4EA-C667-4979-85E5-E270D331182C}"
EndProject
Global
	GlobalSection(SolutionConfigurationPlatforms) = preSolution
		Debug|Any CPU = Debug|Any CPU
		Release|Any CPU = Release|Any CPU
	EndGlobalSection
	GlobalSection(ProjectConfigurationPlatforms) = postSolution
		{A26CFED6-34AA-4982-BAFD-379A641A45BA}.Debug|Any CPU.ActiveCfg = Debug|Any CPU
		{A26CFED6-34AA-4982-BAFD-379A641A45BA}.Debug|Any CPU.Build.0 = Debug|Any CPU
		{A26CFED6-34AA-4982-BAFD-379A641A45BA}.Release|Any CPU.ActiveCfg = Release|Any CPU
		{A26CFED6-34AA-4982-BAFD-379A641A45BA}.Release|Any CPU.Build.0 = Release|Any CPU
		{C9265B65-83D2-47CF-99F9-F40997014842}.Debug|Any CPU.ActiveCfg = Debug|Any CPU
		{C9265B65-83D2-47CF-99F9-F40997014842}.Debug|Any CPU.Build.0 = Debug|Any CPU
		{C9265B65-83D2-47CF-99F9-F40997014842}.Release|Any CPU.ActiveCfg = Release|Any CPU
		{C9265B65-83D2-47CF-99F9-F40997014842}.Release|Any CPU.Build.0 = Release|Any CPU
		{0FAA5039-763F-4986-8C94-EB1ACEEC1229}.Debug|Any CPU.ActiveCfg = Debug|Any CPU
		{0FAA5039-763F-4986-8C94-EB1ACEEC1229}.Debug|Any CPU.Build.0 = Debug|Any CPU
		{0FAA5039-763F-4986-8C94-EB1ACEEC1229}.Release|Any CPU.ActiveCfg = Release|Any CPU
		{0FAA5039-763F-4986-8C94-EB1ACEEC1229}.Release|Any CPU.Build.0 = Release|Any CPU
		{79A5199A-41FB-404C-B4DC-BC96736956EF}.Debug|Any CPU.ActiveCfg = Debug|Any CPU
		{79A5199A-41FB-404C-B4DC-BC96736956EF}.Debug|Any CPU.Build.0 = Debug|Any CPU
		{79A5199A-41FB-404C-B4DC-BC96736956EF}.Release|Any CPU.ActiveCfg = Release|Any CPU
		{79A5199A-41FB-404C-B4DC-BC96736956EF}.Release|Any CPU.Build.0 = Release|Any CPU
		{BA194D81-1A8B-405C-97F0-925B0D61A01F}.Debug|Any CPU.ActiveCfg = Debug|Any CPU
		{BA194D81-1A8B-405C-97F0-925B0D61A01F}.Debug|Any CPU.Build.0 = Debug|Any CPU
		{BA194D81-1A8B-405C-97F0-925B0D61A01F}.Release|Any CPU.ActiveCfg = Release|Any CPU
		{BA194D81-1A8B-405C-97F0-925B0D61A01F}.Release|Any CPU.Build.0 = Release|Any CPU
		{979402D7-F766-4591-922F-53EB95E1AC4A}.Debug|Any CPU.ActiveCfg = Debug|Any CPU
		{979402D7-F766-4591-922F-53EB95E1AC4A}.Debug|Any CPU.Build.0 = Debug|Any CPU
		{979402D7-F766-4591-922F-53EB95E1AC4A}.Release|Any CPU.ActiveCfg = Release|Any CPU
		{979402D7-F766-4591-922F-53EB95E1AC4A}.Release|Any CPU.Build.0 = Release|Any CPU
		{C8D4B51B-DF90-4C7B-995D-76012CD61341}.Debug|Any CPU.ActiveCfg = Debug|Any CPU
		{C8D4B51B-DF90-4C7B-995D-76012CD61341}.Debug|Any CPU.Build.0 = Debug|Any CPU
		{C8D4B51B-DF90-4C7B-995D-76012CD61341}.Release|Any CPU.ActiveCfg = Release|Any CPU
		{C8D4B51B-DF90-4C7B-995D-76012CD61341}.Release|Any CPU.Build.0 = Release|Any CPU
		{273A9B6F-4ADE-4491-830D-7CEDE150719E}.Debug|Any CPU.ActiveCfg = Debug|Any CPU
		{273A9B6F-4ADE-4491-830D-7CEDE150719E}.Debug|Any CPU.Build.0 = Debug|Any CPU
		{273A9B6F-4ADE-4491-830D-7CEDE150719E}.Release|Any CPU.ActiveCfg = Release|Any CPU
		{273A9B6F-4ADE-4491-830D-7CEDE150719E}.Release|Any CPU.Build.0 = Release|Any CPU
		{EF6C0DCD-7645-4F9B-B169-BDAE7B358EED}.Debug|Any CPU.ActiveCfg = Debug|Any CPU
		{EF6C0DCD-7645-4F9B-B169-BDAE7B358EED}.Debug|Any CPU.Build.0 = Debug|Any CPU
		{EF6C0DCD-7645-4F9B-B169-BDAE7B358EED}.Release|Any CPU.ActiveCfg = Release|Any CPU
		{EF6C0DCD-7645-4F9B-B169-BDAE7B358EED}.Release|Any CPU.Build.0 = Release|Any CPU
		{D4CC9744-CF64-4D05-A059-478534BA7D88}.Debug|Any CPU.ActiveCfg = Debug|Any CPU
		{D4CC9744-CF64-4D05-A059-478534BA7D88}.Debug|Any CPU.Build.0 = Debug|Any CPU
		{D4CC9744-CF64-4D05-A059-478534BA7D88}.Release|Any CPU.ActiveCfg = Release|Any CPU
		{D4CC9744-CF64-4D05-A059-478534BA7D88}.Release|Any CPU.Build.0 = Release|Any CPU
		{1E26C460-FCA4-4C0B-B678-0589D4A36A7F}.Debug|Any CPU.ActiveCfg = Debug|Any CPU
		{1E26C460-FCA4-4C0B-B678-0589D4A36A7F}.Debug|Any CPU.Build.0 = Debug|Any CPU
		{1E26C460-FCA4-4C0B-B678-0589D4A36A7F}.Release|Any CPU.ActiveCfg = Release|Any CPU
		{1E26C460-FCA4-4C0B-B678-0589D4A36A7F}.Release|Any CPU.Build.0 = Release|Any CPU
		{2B6E14D1-A124-4F12-BE19-F14BF1CBCE77}.Debug|Any CPU.ActiveCfg = Debug|Any CPU
		{2B6E14D1-A124-4F12-BE19-F14BF1CBCE77}.Debug|Any CPU.Build.0 = Debug|Any CPU
		{2B6E14D1-A124-4F12-BE19-F14BF1CBCE77}.Release|Any CPU.ActiveCfg = Release|Any CPU
		{2B6E14D1-A124-4F12-BE19-F14BF1CBCE77}.Release|Any CPU.Build.0 = Release|Any CPU
		{5575E016-2258-4F4B-826D-AD6F6EA055AD}.Debug|Any CPU.ActiveCfg = Debug|Any CPU
		{5575E016-2258-4F4B-826D-AD6F6EA055AD}.Debug|Any CPU.Build.0 = Debug|Any CPU
		{5575E016-2258-4F4B-826D-AD6F6EA055AD}.Release|Any CPU.ActiveCfg = Release|Any CPU
		{5575E016-2258-4F4B-826D-AD6F6EA055AD}.Release|Any CPU.Build.0 = Release|Any CPU
		{6A8D5777-24DA-4F03-A09E-40375A470BD1}.Debug|Any CPU.ActiveCfg = Debug|Any CPU
		{6A8D5777-24DA-4F03-A09E-40375A470BD1}.Debug|Any CPU.Build.0 = Debug|Any CPU
		{6A8D5777-24DA-4F03-A09E-40375A470BD1}.Release|Any CPU.ActiveCfg = Release|Any CPU
		{6A8D5777-24DA-4F03-A09E-40375A470BD1}.Release|Any CPU.Build.0 = Release|Any CPU
		{D79354DB-E1CF-4793-B84F-0382B6EC79B5}.Debug|Any CPU.ActiveCfg = Debug|Any CPU
		{D79354DB-E1CF-4793-B84F-0382B6EC79B5}.Debug|Any CPU.Build.0 = Debug|Any CPU
		{D79354DB-E1CF-4793-B84F-0382B6EC79B5}.Release|Any CPU.ActiveCfg = Release|Any CPU
		{D79354DB-E1CF-4793-B84F-0382B6EC79B5}.Release|Any CPU.Build.0 = Release|Any CPU
		{0C30A186-7393-4BCA-812B-380B44116709}.Debug|Any CPU.ActiveCfg = Debug|Any CPU
		{0C30A186-7393-4BCA-812B-380B44116709}.Debug|Any CPU.Build.0 = Debug|Any CPU
		{0C30A186-7393-4BCA-812B-380B44116709}.Release|Any CPU.ActiveCfg = Release|Any CPU
		{0C30A186-7393-4BCA-812B-380B44116709}.Release|Any CPU.Build.0 = Release|Any CPU
		{52EA5BCA-1B10-4453-AE8A-A159B7C35AE9}.Debug|Any CPU.ActiveCfg = Debug|Any CPU
		{52EA5BCA-1B10-4453-AE8A-A159B7C35AE9}.Debug|Any CPU.Build.0 = Debug|Any CPU
		{52EA5BCA-1B10-4453-AE8A-A159B7C35AE9}.Release|Any CPU.ActiveCfg = Release|Any CPU
		{52EA5BCA-1B10-4453-AE8A-A159B7C35AE9}.Release|Any CPU.Build.0 = Release|Any CPU
		{88417302-F8A8-4499-867C-56D1D82EAF3E}.Debug|Any CPU.ActiveCfg = Debug|Any CPU
		{88417302-F8A8-4499-867C-56D1D82EAF3E}.Debug|Any CPU.Build.0 = Debug|Any CPU
		{88417302-F8A8-4499-867C-56D1D82EAF3E}.Release|Any CPU.ActiveCfg = Release|Any CPU
		{88417302-F8A8-4499-867C-56D1D82EAF3E}.Release|Any CPU.Build.0 = Release|Any CPU
		{BB382ED8-B609-4CF6-B7F5-E6D48A1BA294}.Debug|Any CPU.ActiveCfg = Debug|Any CPU
		{BB382ED8-B609-4CF6-B7F5-E6D48A1BA294}.Debug|Any CPU.Build.0 = Debug|Any CPU
		{BB382ED8-B609-4CF6-B7F5-E6D48A1BA294}.Release|Any CPU.ActiveCfg = Release|Any CPU
		{BB382ED8-B609-4CF6-B7F5-E6D48A1BA294}.Release|Any CPU.Build.0 = Release|Any CPU
		{A5EDD80A-39A2-4ADF-910B-0ED3D694AC54}.Debug|Any CPU.ActiveCfg = Debug|Any CPU
		{A5EDD80A-39A2-4ADF-910B-0ED3D694AC54}.Debug|Any CPU.Build.0 = Debug|Any CPU
		{A5EDD80A-39A2-4ADF-910B-0ED3D694AC54}.Release|Any CPU.ActiveCfg = Release|Any CPU
		{A5EDD80A-39A2-4ADF-910B-0ED3D694AC54}.Release|Any CPU.Build.0 = Release|Any CPU
		{5C734038-7B3F-41CA-981A-9FC082049F5D}.Debug|Any CPU.ActiveCfg = Debug|Any CPU
		{5C734038-7B3F-41CA-981A-9FC082049F5D}.Debug|Any CPU.Build.0 = Debug|Any CPU
		{5C734038-7B3F-41CA-981A-9FC082049F5D}.Release|Any CPU.ActiveCfg = Release|Any CPU
		{5C734038-7B3F-41CA-981A-9FC082049F5D}.Release|Any CPU.Build.0 = Release|Any CPU
		{522F28E3-6485-4A4F-9616-B0B4A9DCCE13}.Debug|Any CPU.ActiveCfg = Debug|Any CPU
		{522F28E3-6485-4A4F-9616-B0B4A9DCCE13}.Debug|Any CPU.Build.0 = Debug|Any CPU
		{522F28E3-6485-4A4F-9616-B0B4A9DCCE13}.Release|Any CPU.ActiveCfg = Release|Any CPU
		{522F28E3-6485-4A4F-9616-B0B4A9DCCE13}.Release|Any CPU.Build.0 = Release|Any CPU
		{43F32F01-99CF-46EA-A6FC-DAA5BD6F152D}.Debug|Any CPU.ActiveCfg = Debug|Any CPU
		{43F32F01-99CF-46EA-A6FC-DAA5BD6F152D}.Debug|Any CPU.Build.0 = Debug|Any CPU
		{43F32F01-99CF-46EA-A6FC-DAA5BD6F152D}.Release|Any CPU.ActiveCfg = Release|Any CPU
		{43F32F01-99CF-46EA-A6FC-DAA5BD6F152D}.Release|Any CPU.Build.0 = Release|Any CPU
		{2FDEF785-64CF-46C7-B0A6-56627504C112}.Debug|Any CPU.ActiveCfg = Debug|Any CPU
		{2FDEF785-64CF-46C7-B0A6-56627504C112}.Debug|Any CPU.Build.0 = Debug|Any CPU
		{2FDEF785-64CF-46C7-B0A6-56627504C112}.Release|Any CPU.ActiveCfg = Release|Any CPU
		{2FDEF785-64CF-46C7-B0A6-56627504C112}.Release|Any CPU.Build.0 = Release|Any CPU
		{BEF9A4EA-C667-4979-85E5-E270D331182C}.Debug|Any CPU.ActiveCfg = Debug|Any CPU
		{BEF9A4EA-C667-4979-85E5-E270D331182C}.Debug|Any CPU.Build.0 = Debug|Any CPU
		{BEF9A4EA-C667-4979-85E5-E270D331182C}.Release|Any CPU.ActiveCfg = Release|Any CPU
		{BEF9A4EA-C667-4979-85E5-E270D331182C}.Release|Any CPU.Build.0 = Release|Any CPU
	EndGlobalSection
	GlobalSection(SolutionProperties) = preSolution
		HideSolutionNode = FALSE
	EndGlobalSection
	GlobalSection(NestedProjects) = preSolution
		{A26CFED6-34AA-4982-BAFD-379A641A45BA} = {0F7AD788-8548-4C6F-BA65-EDA2FDF36E6B}
		{C9265B65-83D2-47CF-99F9-F40997014842} = {41BC6AA2-4AB1-4263-AA1F-B7EB8E0AF7E6}
		{0FAA5039-763F-4986-8C94-EB1ACEEC1229} = {41BC6AA2-4AB1-4263-AA1F-B7EB8E0AF7E6}
		{79A5199A-41FB-404C-B4DC-BC96736956EF} = {41BC6AA2-4AB1-4263-AA1F-B7EB8E0AF7E6}
		{BA194D81-1A8B-405C-97F0-925B0D61A01F} = {41BC6AA2-4AB1-4263-AA1F-B7EB8E0AF7E6}
		{979402D7-F766-4591-922F-53EB95E1AC4A} = {41BC6AA2-4AB1-4263-AA1F-B7EB8E0AF7E6}
		{C8D4B51B-DF90-4C7B-995D-76012CD61341} = {41BC6AA2-4AB1-4263-AA1F-B7EB8E0AF7E6}
		{273A9B6F-4ADE-4491-830D-7CEDE150719E} = {41BC6AA2-4AB1-4263-AA1F-B7EB8E0AF7E6}
		{EF6C0DCD-7645-4F9B-B169-BDAE7B358EED} = {489D9B57-D982-4701-9F9D-B5AEB57C8311}
		{D4CC9744-CF64-4D05-A059-478534BA7D88} = {489D9B57-D982-4701-9F9D-B5AEB57C8311}
		{1E26C460-FCA4-4C0B-B678-0589D4A36A7F} = {5723A3B0-90D0-43D1-B5A5-8C119CAD38A0}
		{2B6E14D1-A124-4F12-BE19-F14BF1CBCE77} = {5723A3B0-90D0-43D1-B5A5-8C119CAD38A0}
		{5575E016-2258-4F4B-826D-AD6F6EA055AD} = {5723A3B0-90D0-43D1-B5A5-8C119CAD38A0}
		{6A8D5777-24DA-4F03-A09E-40375A470BD1} = {FA9DAABD-4D39-4BAF-9339-D49856F9FB96}
		{D79354DB-E1CF-4793-B84F-0382B6EC79B5} = {FA9DAABD-4D39-4BAF-9339-D49856F9FB96}
		{0C30A186-7393-4BCA-812B-380B44116709} = {FA9DAABD-4D39-4BAF-9339-D49856F9FB96}
		{52EA5BCA-1B10-4453-AE8A-A159B7C35AE9} = {FA9DAABD-4D39-4BAF-9339-D49856F9FB96}
		{88417302-F8A8-4499-867C-56D1D82EAF3E} = {FA9DAABD-4D39-4BAF-9339-D49856F9FB96}
		{BB382ED8-B609-4CF6-B7F5-E6D48A1BA294} = {FA9DAABD-4D39-4BAF-9339-D49856F9FB96}
		{A5EDD80A-39A2-4ADF-910B-0ED3D694AC54} = {2C575E1D-99EF-47E4-B49E-1BBFFDC1E47B}
		{5C734038-7B3F-41CA-981A-9FC082049F5D} = {2C575E1D-99EF-47E4-B49E-1BBFFDC1E47B}
		{522F28E3-6485-4A4F-9616-B0B4A9DCCE13} = {3AE3B43E-6C0E-4AF4-9572-C6912DC1C053}
		{43F32F01-99CF-46EA-A6FC-DAA5BD6F152D} = {3AE3B43E-6C0E-4AF4-9572-C6912DC1C053}
		{2FDEF785-64CF-46C7-B0A6-56627504C112} = {3AE3B43E-6C0E-4AF4-9572-C6912DC1C053}
		{BEF9A4EA-C667-4979-85E5-E270D331182C} = {3AE3B43E-6C0E-4AF4-9572-C6912DC1C053}
	EndGlobalSection
	GlobalSection(ExtensibilityGlobals) = postSolution
		SolutionGuid = {7ABFD4E7-4F0A-4F28-A7C4-2D9E18798766}
	EndGlobalSection
EndGlobal
